
Microsoft Visual Studio Solution File, Format Version 12.00
# Visual Studio Version 17
VisualStudioVersion = 17.7.34031.279
MinimumVisualStudioVersion = 10.0.40219.1
Project("{FAE04EC0-301F-11D3-BF4B-00C04F79EFBC}") = "REf", "REf\REf.csproj", "{C233FF70-BD34-4BB7-8436-E2C98E971BA1}"
EndProject
Global
	GlobalSection(SolutionConfigurationPlatforms) = preSolution
		Debug|Any CPU = Debug|Any CPU
		Release|Any CPU = Release|Any CPU
	EndGlobalSection
	GlobalSection(ProjectConfigurationPlatforms) = postSolution
		{C233FF70-BD34-4BB7-8436-E2C98E971BA1}.Debug|Any CPU.ActiveCfg = Debug|Any CPU
		{C233FF70-BD34-4BB7-8436-E2C98E971BA1}.Debug|Any CPU.Build.0 = Debug|Any CPU
		{C233FF70-BD34-4BB7-8436-E2C98E971BA1}.Release|Any CPU.ActiveCfg = Release|Any CPU
		{C233FF70-BD34-4BB7-8436-E2C98E971BA1}.Release|Any CPU.Build.0 = Release|Any CPU
	EndGlobalSection
	GlobalSection(SolutionProperties) = preSolution
		HideSolutionNode = FALSE
	EndGlobalSection
	GlobalSection(ExtensibilityGlobals) = postSolution
		SolutionGuid = {911DA5A9-E113-449F-B337-BC478F86224F}
	EndGlobalSection
EndGlobal
