
Microsoft Visual Studio Solution File, Format Version 12.00
# Visual Studio Version 17
VisualStudioVersion = 17.7.34031.279
MinimumVisualStudioVersion = 10.0.40219.1
Project("{FAE04EC0-301F-11D3-BF4B-00C04F79EFBC}") = "BlazorApp2", "BlazorApp2\BlazorApp2.csproj", "{3AF95399-15A2-42C8-9EFC-89A46D14E0B1}"
EndProject
Global
	GlobalSection(SolutionConfigurationPlatforms) = preSolution
		Debug|Any CPU = Debug|Any CPU
		Release|Any CPU = Release|Any CPU
	EndGlobalSection
	GlobalSection(ProjectConfigurationPlatforms) = postSolution
		{3AF95399-15A2-42C8-9EFC-89A46D14E0B1}.Debug|Any CPU.ActiveCfg = Debug|Any CPU
		{3AF95399-15A2-42C8-9EFC-89A46D14E0B1}.Debug|Any CPU.Build.0 = Debug|Any CPU
		{3AF95399-15A2-42C8-9EFC-89A46D14E0B1}.Release|Any CPU.ActiveCfg = Release|Any CPU
		{3AF95399-15A2-42C8-9EFC-89A46D14E0B1}.Release|Any CPU.Build.0 = Release|Any CPU
	EndGlobalSection
	GlobalSection(SolutionProperties) = preSolution
		HideSolutionNode = FALSE
	EndGlobalSection
	GlobalSection(ExtensibilityGlobals) = postSolution
		SolutionGuid = {120F3BDC-778F-411B-8858-AEC13FE029AB}
	EndGlobalSection
EndGlobal
