
Microsoft Visual Studio Solution File, Format Version 12.00
# Visual Studio Version 17
VisualStudioVersion = 17.7.34031.279
MinimumVisualStudioVersion = 10.0.40219.1
Project("{9A19103F-16F7-4668-BE54-9A1E7A4F7556}") = "MadeinHeavenBookStore", "MadeinHeavenBookStore\MadeinHeavenBookStore.csproj", "{F22CD79B-6176-49F0-8F0E-51C037B54341}"
EndProject
Global
	GlobalSection(SolutionConfigurationPlatforms) = preSolution
		Debug|Any CPU = Debug|Any CPU
		Release|Any CPU = Release|Any CPU
	EndGlobalSection
	GlobalSection(ProjectConfigurationPlatforms) = postSolution
		{F22CD79B-6176-49F0-8F0E-51C037B54341}.Debug|Any CPU.ActiveCfg = Debug|Any CPU
		{F22CD79B-6176-49F0-8F0E-51C037B54341}.Debug|Any CPU.Build.0 = Debug|Any CPU
		{F22CD79B-6176-49F0-8F0E-51C037B54341}.Release|Any CPU.ActiveCfg = Release|Any CPU
		{F22CD79B-6176-49F0-8F0E-51C037B54341}.Release|Any CPU.Build.0 = Release|Any CPU
	EndGlobalSection
	GlobalSection(SolutionProperties) = preSolution
		HideSolutionNode = FALSE
	EndGlobalSection
	GlobalSection(ExtensibilityGlobals) = postSolution
		SolutionGuid = {5428139D-9436-4965-B27D-24C85FF5FA9C}
	EndGlobalSection
EndGlobal
